
Microsoft Visual Studio Solution File, Format Version 12.00
# Visual Studio Version 17
VisualStudioVersion = 17.4.33205.214
MinimumVisualStudioVersion = 10.0.40219.1
Project("{FAE04EC0-301F-11D3-BF4B-00C04F79EFBC}") = "task_management", "task_management\task_management.csproj", "{1325C4D6-864B-4B88-A9B8-D33C3251CB0C}"
EndProject
Global
	GlobalSection(SolutionConfigurationPlatforms) = preSolution
		Debug|Any CPU = Debug|Any CPU
		Release|Any CPU = Release|Any CPU
	EndGlobalSection
	GlobalSection(ProjectConfigurationPlatforms) = postSolution
		{1325C4D6-864B-4B88-A9B8-D33C3251CB0C}.Debug|Any CPU.ActiveCfg = Debug|Any CPU
		{1325C4D6-864B-4B88-A9B8-D33C3251CB0C}.Debug|Any CPU.Build.0 = Debug|Any CPU
		{1325C4D6-864B-4B88-A9B8-D33C3251CB0C}.Release|Any CPU.ActiveCfg = Release|Any CPU
		{1325C4D6-864B-4B88-A9B8-D33C3251CB0C}.Release|Any CPU.Build.0 = Release|Any CPU
	EndGlobalSection
	GlobalSection(SolutionProperties) = preSolution
		HideSolutionNode = FALSE
	EndGlobalSection
	GlobalSection(ExtensibilityGlobals) = postSolution
		SolutionGuid = {4AF9BF27-76A1-4358-AB6A-ADFB3AF5D78D}
	EndGlobalSection
EndGlobal
